
Microsoft Visual Studio Solution File, Format Version 12.00
# Visual Studio Version 17
VisualStudioVersion = 17.1.32319.34
MinimumVisualStudioVersion = 10.0.40219.1
Project("{FAE04EC0-301F-11D3-BF4B-00C04F79EFBC}") = "P01ParametrySQL", "P01ParametrySQL\P01ParametrySQL.csproj", "{389DA6E4-F14D-4293-8E76-06FC6118FA06}"
EndProject
Project("{FAE04EC0-301F-11D3-BF4B-00C04F79EFBC}") = "P02AplikacjaZawodnicy", "P02AplikacjaZawodnicy\P02AplikacjaZawodnicy.csproj", "{53C60172-7C36-43EC-9A02-136AA8F5D542}"
EndProject
Project("{FAE04EC0-301F-11D3-BF4B-00C04F79EFBC}") = "P03AplikacjaZawodnicy.Core", "P03AplikacjaZawodnicy.Core\P03AplikacjaZawodnicy.Core.csproj", "{1884DE06-5757-4100-9948-62193CAE629A}"
EndProject
Global
	GlobalSection(SolutionConfigurationPlatforms) = preSolution
		Debug|Any CPU = Debug|Any CPU
		Release|Any CPU = Release|Any CPU
	EndGlobalSection
	GlobalSection(ProjectConfigurationPlatforms) = postSolution
		{389DA6E4-F14D-4293-8E76-06FC6118FA06}.Debug|Any CPU.ActiveCfg = Debug|Any CPU
		{389DA6E4-F14D-4293-8E76-06FC6118FA06}.Debug|Any CPU.Build.0 = Debug|Any CPU
		{389DA6E4-F14D-4293-8E76-06FC6118FA06}.Release|Any CPU.ActiveCfg = Release|Any CPU
		{389DA6E4-F14D-4293-8E76-06FC6118FA06}.Release|Any CPU.Build.0 = Release|Any CPU
		{53C60172-7C36-43EC-9A02-136AA8F5D542}.Debug|Any CPU.ActiveCfg = Debug|Any CPU
		{53C60172-7C36-43EC-9A02-136AA8F5D542}.Debug|Any CPU.Build.0 = Debug|Any CPU
		{53C60172-7C36-43EC-9A02-136AA8F5D542}.Release|Any CPU.ActiveCfg = Release|Any CPU
		{53C60172-7C36-43EC-9A02-136AA8F5D542}.Release|Any CPU.Build.0 = Release|Any CPU
		{1884DE06-5757-4100-9948-62193CAE629A}.Debug|Any CPU.ActiveCfg = Debug|Any CPU
		{1884DE06-5757-4100-9948-62193CAE629A}.Debug|Any CPU.Build.0 = Debug|Any CPU
		{1884DE06-5757-4100-9948-62193CAE629A}.Release|Any CPU.ActiveCfg = Release|Any CPU
		{1884DE06-5757-4100-9948-62193CAE629A}.Release|Any CPU.Build.0 = Release|Any CPU
	EndGlobalSection
	GlobalSection(SolutionProperties) = preSolution
		HideSolutionNode = FALSE
	EndGlobalSection
	GlobalSection(ExtensibilityGlobals) = postSolution
		SolutionGuid = {AC23B993-0F5E-4553-8886-8F047ED0C555}
	EndGlobalSection
EndGlobal
